
Microsoft Visual Studio Solution File, Format Version 12.00
# Visual Studio Version 16
VisualStudioVersion = 16.0.31229.75
MinimumVisualStudioVersion = 10.0.40219.1
Project("{FAE04EC0-301F-11D3-BF4B-00C04F79EFBC}") = "6HW", "6HW\6HW.csproj", "{5D566152-40BB-47D9-9DCA-868BADCC2C1D}"
EndProject
Global
	GlobalSection(SolutionConfigurationPlatforms) = preSolution
		Debug|Any CPU = Debug|Any CPU
		Release|Any CPU = Release|Any CPU
	EndGlobalSection
	GlobalSection(ProjectConfigurationPlatforms) = postSolution
		{5D566152-40BB-47D9-9DCA-868BADCC2C1D}.Debug|Any CPU.ActiveCfg = Debug|Any CPU
		{5D566152-40BB-47D9-9DCA-868BADCC2C1D}.Debug|Any CPU.Build.0 = Debug|Any CPU
		{5D566152-40BB-47D9-9DCA-868BADCC2C1D}.Release|Any CPU.ActiveCfg = Release|Any CPU
		{5D566152-40BB-47D9-9DCA-868BADCC2C1D}.Release|Any CPU.Build.0 = Release|Any CPU
	EndGlobalSection
	GlobalSection(SolutionProperties) = preSolution
		HideSolutionNode = FALSE
	EndGlobalSection
	GlobalSection(ExtensibilityGlobals) = postSolution
		SolutionGuid = {A49DC6D3-AF83-4EFC-862A-78A0814B6D7F}
	EndGlobalSection
EndGlobal
